
Microsoft Visual Studio Solution File, Format Version 12.00
# Visual Studio 14
VisualStudioVersion = 14.0.24720.0
MinimumVisualStudioVersion = 10.0.40219.1
Project("{2150E333-8FDC-42A3-9474-1A3956D46DE8}") = "Lib", "Lib", "{BE6C8B86-B305-4149-8AF4-55AF418BE6DE}"
EndProject
Project("{2150E333-8FDC-42A3-9474-1A3956D46DE8}") = "NPOI", "NPOI", "{537BDB3D-6124-4E8B-B012-8355B976A83C}"
EndProject
Project("{FAE04EC0-301F-11D3-BF4B-00C04F79EFBC}") = "main vs10", "NFFileProcess\Lib\NPOI\main\main vs10.csproj", "{10FA8538-157A-4380-A4F6-8E2C3EE92CAE}"
EndProject
Project("{FAE04EC0-301F-11D3-BF4B-00C04F79EFBC}") = "OOXML vs2010", "NFFileProcess\Lib\NPOI\ooxml\OOXML vs2010.csproj", "{6BEED965-B9A0-4FFA-B96D-0F380A97331A}"
EndProject
Project("{FAE04EC0-301F-11D3-BF4B-00C04F79EFBC}") = "OpenXml4Net vs2010", "NFFileProcess\Lib\NPOI\ooxml\openxml4Net\OpenXml4Net vs2010.csproj", "{C9F265B7-ECE3-4755-B0B1-79536575C2A9}"
EndProject
Project("{FAE04EC0-301F-11D3-BF4B-00C04F79EFBC}") = "OpenXmlFormats vs2010", "NFFileProcess\Lib\NPOI\ooxml\OpenXmlFormats\OpenXmlFormats vs2010.csproj", "{A6874784-2875-4F40-9E8F-8385A640F5D6}"
EndProject
Project("{FAE04EC0-301F-11D3-BF4B-00C04F79EFBC}") = "ICSharpCode.SharpZLib", "NFFileProcess\Lib\ICSharpCode.SharpZLib\ICSharpCode.SharpZLib.csproj", "{0E7413FF-EB9E-4714-ACF2-BE3A6A7B2FFD}"
EndProject
Project("{2150E333-8FDC-42A3-9474-1A3956D46DE8}") = "NFFileProcess", "NFFileProcess", "{FEC0190A-6AC9-48A0-9F71-F5A195E73955}"
EndProject
Project("{2150E333-8FDC-42A3-9474-1A3956D46DE8}") = "NFLoaderForWin", "NFLoaderForWin", "{63339C2D-8C37-4675-9AA0-1FDD3C94569C}"
EndProject
Project("{FAE04EC0-301F-11D3-BF4B-00C04F79EFBC}") = "FileProcess", "NFFileProcess\FileProcess.csproj", "{40EE2D8A-05C8-4C5A-B534-6F15E848A6EA}"
EndProject
Project("{FAE04EC0-301F-11D3-BF4B-00C04F79EFBC}") = "NFLoaderForWin", "NFLoaderForWin\NFLoaderForWin.csproj", "{488D3A57-A859-4173-A5EE-F28E2AFAD548}"
EndProject
Global
	GlobalSection(SolutionConfigurationPlatforms) = preSolution
		.net 2 Release|Any CPU = .net 2 Release|Any CPU
		.net 2 Release|Mixed Platforms = .net 2 Release|Mixed Platforms
		.net 2 Release|Win32 = .net 2 Release|Win32
		.net 2 Release|x64 = .net 2 Release|x64
		.net 4 Release|Any CPU = .net 4 Release|Any CPU
		.net 4 Release|Mixed Platforms = .net 4 Release|Mixed Platforms
		.net 4 Release|Win32 = .net 4 Release|Win32
		.net 4 Release|x64 = .net 4 Release|x64
		Debug|Any CPU = Debug|Any CPU
		Debug|Mixed Platforms = Debug|Mixed Platforms
		Debug|Win32 = Debug|Win32
		Debug|x64 = Debug|x64
		Release|Any CPU = Release|Any CPU
		Release|Mixed Platforms = Release|Mixed Platforms
		Release|Win32 = Release|Win32
		Release|x64 = Release|x64
	EndGlobalSection
	GlobalSection(ProjectConfigurationPlatforms) = postSolution
		{10FA8538-157A-4380-A4F6-8E2C3EE92CAE}..net 2 Release|Any CPU.ActiveCfg = .net 2 Release|Any CPU
		{10FA8538-157A-4380-A4F6-8E2C3EE92CAE}..net 2 Release|Any CPU.Build.0 = .net 2 Release|Any CPU
		{10FA8538-157A-4380-A4F6-8E2C3EE92CAE}..net 2 Release|Mixed Platforms.ActiveCfg = .net 2 Release|Any CPU
		{10FA8538-157A-4380-A4F6-8E2C3EE92CAE}..net 2 Release|Mixed Platforms.Build.0 = .net 2 Release|Any CPU
		{10FA8538-157A-4380-A4F6-8E2C3EE92CAE}..net 2 Release|Win32.ActiveCfg = .net 2 Release|Any CPU
		{10FA8538-157A-4380-A4F6-8E2C3EE92CAE}..net 2 Release|Win32.Build.0 = .net 2 Release|Any CPU
		{10FA8538-157A-4380-A4F6-8E2C3EE92CAE}..net 2 Release|x64.ActiveCfg = .net 2 Release|Any CPU
		{10FA8538-157A-4380-A4F6-8E2C3EE92CAE}..net 2 Release|x64.Build.0 = .net 2 Release|Any CPU
		{10FA8538-157A-4380-A4F6-8E2C3EE92CAE}..net 4 Release|Any CPU.ActiveCfg = .net 4 Release|Any CPU
		{10FA8538-157A-4380-A4F6-8E2C3EE92CAE}..net 4 Release|Any CPU.Build.0 = .net 4 Release|Any CPU
		{10FA8538-157A-4380-A4F6-8E2C3EE92CAE}..net 4 Release|Mixed Platforms.ActiveCfg = .net 4 Release|Any CPU
		{10FA8538-157A-4380-A4F6-8E2C3EE92CAE}..net 4 Release|Mixed Platforms.Build.0 = .net 4 Release|Any CPU
		{10FA8538-157A-4380-A4F6-8E2C3EE92CAE}..net 4 Release|Win32.ActiveCfg = .net 4 Release|Any CPU
		{10FA8538-157A-4380-A4F6-8E2C3EE92CAE}..net 4 Release|Win32.Build.0 = .net 4 Release|Any CPU
		{10FA8538-157A-4380-A4F6-8E2C3EE92CAE}..net 4 Release|x64.ActiveCfg = .net 4 Release|Any CPU
		{10FA8538-157A-4380-A4F6-8E2C3EE92CAE}..net 4 Release|x64.Build.0 = .net 4 Release|Any CPU
		{10FA8538-157A-4380-A4F6-8E2C3EE92CAE}.Debug|Any CPU.ActiveCfg = Debug|Any CPU
		{10FA8538-157A-4380-A4F6-8E2C3EE92CAE}.Debug|Any CPU.Build.0 = Debug|Any CPU
		{10FA8538-157A-4380-A4F6-8E2C3EE92CAE}.Debug|Mixed Platforms.ActiveCfg = Debug|Any CPU
		{10FA8538-157A-4380-A4F6-8E2C3EE92CAE}.Debug|Mixed Platforms.Build.0 = Debug|Any CPU
		{10FA8538-157A-4380-A4F6-8E2C3EE92CAE}.Debug|Win32.ActiveCfg = Debug|Any CPU
		{10FA8538-157A-4380-A4F6-8E2C3EE92CAE}.Debug|Win32.Build.0 = Debug|Any CPU
		{10FA8538-157A-4380-A4F6-8E2C3EE92CAE}.Debug|x64.ActiveCfg = Debug|Any CPU
		{10FA8538-157A-4380-A4F6-8E2C3EE92CAE}.Debug|x64.Build.0 = Debug|Any CPU
		{10FA8538-157A-4380-A4F6-8E2C3EE92CAE}.Release|Any CPU.ActiveCfg = Release|Any CPU
		{10FA8538-157A-4380-A4F6-8E2C3EE92CAE}.Release|Any CPU.Build.0 = Release|Any CPU
		{10FA8538-157A-4380-A4F6-8E2C3EE92CAE}.Release|Mixed Platforms.ActiveCfg = Release|Any CPU
		{10FA8538-157A-4380-A4F6-8E2C3EE92CAE}.Release|Mixed Platforms.Build.0 = Release|Any CPU
		{10FA8538-157A-4380-A4F6-8E2C3EE92CAE}.Release|Win32.ActiveCfg = Release|Any CPU
		{10FA8538-157A-4380-A4F6-8E2C3EE92CAE}.Release|Win32.Build.0 = Release|Any CPU
		{10FA8538-157A-4380-A4F6-8E2C3EE92CAE}.Release|x64.ActiveCfg = Release|Any CPU
		{10FA8538-157A-4380-A4F6-8E2C3EE92CAE}.Release|x64.Build.0 = Release|Any CPU
		{6BEED965-B9A0-4FFA-B96D-0F380A97331A}..net 2 Release|Any CPU.ActiveCfg = .net 2 Release|Any CPU
		{6BEED965-B9A0-4FFA-B96D-0F380A97331A}..net 2 Release|Any CPU.Build.0 = .net 2 Release|Any CPU
		{6BEED965-B9A0-4FFA-B96D-0F380A97331A}..net 2 Release|Mixed Platforms.ActiveCfg = .net 2 Release|Any CPU
		{6BEED965-B9A0-4FFA-B96D-0F380A97331A}..net 2 Release|Mixed Platforms.Build.0 = .net 2 Release|Any CPU
		{6BEED965-B9A0-4FFA-B96D-0F380A97331A}..net 2 Release|Win32.ActiveCfg = .net 2 Release|Any CPU
		{6BEED965-B9A0-4FFA-B96D-0F380A97331A}..net 2 Release|Win32.Build.0 = .net 2 Release|Any CPU
		{6BEED965-B9A0-4FFA-B96D-0F380A97331A}..net 2 Release|x64.ActiveCfg = .net 2 Release|Any CPU
		{6BEED965-B9A0-4FFA-B96D-0F380A97331A}..net 2 Release|x64.Build.0 = .net 2 Release|Any CPU
		{6BEED965-B9A0-4FFA-B96D-0F380A97331A}..net 4 Release|Any CPU.ActiveCfg = .net 4 Release|Any CPU
		{6BEED965-B9A0-4FFA-B96D-0F380A97331A}..net 4 Release|Any CPU.Build.0 = .net 4 Release|Any CPU
		{6BEED965-B9A0-4FFA-B96D-0F380A97331A}..net 4 Release|Mixed Platforms.ActiveCfg = .net 4 Release|Any CPU
		{6BEED965-B9A0-4FFA-B96D-0F380A97331A}..net 4 Release|Mixed Platforms.Build.0 = .net 4 Release|Any CPU
		{6BEED965-B9A0-4FFA-B96D-0F380A97331A}..net 4 Release|Win32.ActiveCfg = .net 4 Release|Any CPU
		{6BEED965-B9A0-4FFA-B96D-0F380A97331A}..net 4 Release|Win32.Build.0 = .net 4 Release|Any CPU
		{6BEED965-B9A0-4FFA-B96D-0F380A97331A}..net 4 Release|x64.ActiveCfg = .net 4 Release|Any CPU
		{6BEED965-B9A0-4FFA-B96D-0F380A97331A}..net 4 Release|x64.Build.0 = .net 4 Release|Any CPU
		{6BEED965-B9A0-4FFA-B96D-0F380A97331A}.Debug|Any CPU.ActiveCfg = Debug|Any CPU
		{6BEED965-B9A0-4FFA-B96D-0F380A97331A}.Debug|Any CPU.Build.0 = Debug|Any CPU
		{6BEED965-B9A0-4FFA-B96D-0F380A97331A}.Debug|Mixed Platforms.ActiveCfg = Debug|Any CPU
		{6BEED965-B9A0-4FFA-B96D-0F380A97331A}.Debug|Mixed Platforms.Build.0 = Debug|Any CPU
		{6BEED965-B9A0-4FFA-B96D-0F380A97331A}.Debug|Win32.ActiveCfg = Debug|Any CPU
		{6BEED965-B9A0-4FFA-B96D-0F380A97331A}.Debug|Win32.Build.0 = Debug|Any CPU
		{6BEED965-B9A0-4FFA-B96D-0F380A97331A}.Debug|x64.ActiveCfg = Debug|Any CPU
		{6BEED965-B9A0-4FFA-B96D-0F380A97331A}.Debug|x64.Build.0 = Debug|Any CPU
		{6BEED965-B9A0-4FFA-B96D-0F380A97331A}.Release|Any CPU.ActiveCfg = Release|Any CPU
		{6BEED965-B9A0-4FFA-B96D-0F380A97331A}.Release|Any CPU.Build.0 = Release|Any CPU
		{6BEED965-B9A0-4FFA-B96D-0F380A97331A}.Release|Mixed Platforms.ActiveCfg = Release|Any CPU
		{6BEED965-B9A0-4FFA-B96D-0F380A97331A}.Release|Mixed Platforms.Build.0 = Release|Any CPU
		{6BEED965-B9A0-4FFA-B96D-0F380A97331A}.Release|Win32.ActiveCfg = Release|Any CPU
		{6BEED965-B9A0-4FFA-B96D-0F380A97331A}.Release|Win32.Build.0 = Release|Any CPU
		{6BEED965-B9A0-4FFA-B96D-0F380A97331A}.Release|x64.ActiveCfg = Release|Any CPU
		{6BEED965-B9A0-4FFA-B96D-0F380A97331A}.Release|x64.Build.0 = Release|Any CPU
		{C9F265B7-ECE3-4755-B0B1-79536575C2A9}..net 2 Release|Any CPU.ActiveCfg = .net 2 Release|Any CPU
		{C9F265B7-ECE3-4755-B0B1-79536575C2A9}..net 2 Release|Any CPU.Build.0 = .net 2 Release|Any CPU
		{C9F265B7-ECE3-4755-B0B1-79536575C2A9}..net 2 Release|Mixed Platforms.ActiveCfg = .net 2 Release|Any CPU
		{C9F265B7-ECE3-4755-B0B1-79536575C2A9}..net 2 Release|Mixed Platforms.Build.0 = .net 2 Release|Any CPU
		{C9F265B7-ECE3-4755-B0B1-79536575C2A9}..net 2 Release|Win32.ActiveCfg = .net 2 Release|Any CPU
		{C9F265B7-ECE3-4755-B0B1-79536575C2A9}..net 2 Release|Win32.Build.0 = .net 2 Release|Any CPU
		{C9F265B7-ECE3-4755-B0B1-79536575C2A9}..net 2 Release|x64.ActiveCfg = .net 2 Release|Any CPU
		{C9F265B7-ECE3-4755-B0B1-79536575C2A9}..net 2 Release|x64.Build.0 = .net 2 Release|Any CPU
		{C9F265B7-ECE3-4755-B0B1-79536575C2A9}..net 4 Release|Any CPU.ActiveCfg = .net 4 Release|Any CPU
		{C9F265B7-ECE3-4755-B0B1-79536575C2A9}..net 4 Release|Any CPU.Build.0 = .net 4 Release|Any CPU
		{C9F265B7-ECE3-4755-B0B1-79536575C2A9}..net 4 Release|Mixed Platforms.ActiveCfg = .net 4 Release|Any CPU
		{C9F265B7-ECE3-4755-B0B1-79536575C2A9}..net 4 Release|Mixed Platforms.Build.0 = .net 4 Release|Any CPU
		{C9F265B7-ECE3-4755-B0B1-79536575C2A9}..net 4 Release|Win32.ActiveCfg = .net 4 Release|Any CPU
		{C9F265B7-ECE3-4755-B0B1-79536575C2A9}..net 4 Release|Win32.Build.0 = .net 4 Release|Any CPU
		{C9F265B7-ECE3-4755-B0B1-79536575C2A9}..net 4 Release|x64.ActiveCfg = .net 4 Release|Any CPU
		{C9F265B7-ECE3-4755-B0B1-79536575C2A9}..net 4 Release|x64.Build.0 = .net 4 Release|Any CPU
		{C9F265B7-ECE3-4755-B0B1-79536575C2A9}.Debug|Any CPU.ActiveCfg = Debug|Any CPU
		{C9F265B7-ECE3-4755-B0B1-79536575C2A9}.Debug|Any CPU.Build.0 = Debug|Any CPU
		{C9F265B7-ECE3-4755-B0B1-79536575C2A9}.Debug|Mixed Platforms.ActiveCfg = Debug|Any CPU
		{C9F265B7-ECE3-4755-B0B1-79536575C2A9}.Debug|Mixed Platforms.Build.0 = Debug|Any CPU
		{C9F265B7-ECE3-4755-B0B1-79536575C2A9}.Debug|Win32.ActiveCfg = Debug|Any CPU
		{C9F265B7-ECE3-4755-B0B1-79536575C2A9}.Debug|Win32.Build.0 = Debug|Any CPU
		{C9F265B7-ECE3-4755-B0B1-79536575C2A9}.Debug|x64.ActiveCfg = Debug|Any CPU
		{C9F265B7-ECE3-4755-B0B1-79536575C2A9}.Debug|x64.Build.0 = Debug|Any CPU
		{C9F265B7-ECE3-4755-B0B1-79536575C2A9}.Release|Any CPU.ActiveCfg = Release|Any CPU
		{C9F265B7-ECE3-4755-B0B1-79536575C2A9}.Release|Any CPU.Build.0 = Release|Any CPU
		{C9F265B7-ECE3-4755-B0B1-79536575C2A9}.Release|Mixed Platforms.ActiveCfg = Release|Any CPU
		{C9F265B7-ECE3-4755-B0B1-79536575C2A9}.Release|Mixed Platforms.Build.0 = Release|Any CPU
		{C9F265B7-ECE3-4755-B0B1-79536575C2A9}.Release|Win32.ActiveCfg = Release|Any CPU
		{C9F265B7-ECE3-4755-B0B1-79536575C2A9}.Release|Win32.Build.0 = Release|Any CPU
		{C9F265B7-ECE3-4755-B0B1-79536575C2A9}.Release|x64.ActiveCfg = Release|Any CPU
		{C9F265B7-ECE3-4755-B0B1-79536575C2A9}.Release|x64.Build.0 = Release|Any CPU
		{A6874784-2875-4F40-9E8F-8385A640F5D6}..net 2 Release|Any CPU.ActiveCfg = .net 2 Release|Any CPU
		{A6874784-2875-4F40-9E8F-8385A640F5D6}..net 2 Release|Any CPU.Build.0 = .net 2 Release|Any CPU
		{A6874784-2875-4F40-9E8F-8385A640F5D6}..net 2 Release|Mixed Platforms.ActiveCfg = .net 2 Release|Any CPU
		{A6874784-2875-4F40-9E8F-8385A640F5D6}..net 2 Release|Mixed Platforms.Build.0 = .net 2 Release|Any CPU
		{A6874784-2875-4F40-9E8F-8385A640F5D6}..net 2 Release|Win32.ActiveCfg = .net 2 Release|Any CPU
		{A6874784-2875-4F40-9E8F-8385A640F5D6}..net 2 Release|Win32.Build.0 = .net 2 Release|Any CPU
		{A6874784-2875-4F40-9E8F-8385A640F5D6}..net 2 Release|x64.ActiveCfg = .net 2 Release|Any CPU
		{A6874784-2875-4F40-9E8F-8385A640F5D6}..net 2 Release|x64.Build.0 = .net 2 Release|Any CPU
		{A6874784-2875-4F40-9E8F-8385A640F5D6}..net 4 Release|Any CPU.ActiveCfg = .net 4 Release|Any CPU
		{A6874784-2875-4F40-9E8F-8385A640F5D6}..net 4 Release|Any CPU.Build.0 = .net 4 Release|Any CPU
		{A6874784-2875-4F40-9E8F-8385A640F5D6}..net 4 Release|Mixed Platforms.ActiveCfg = .net 4 Release|Any CPU
		{A6874784-2875-4F40-9E8F-8385A640F5D6}..net 4 Release|Mixed Platforms.Build.0 = .net 4 Release|Any CPU
		{A6874784-2875-4F40-9E8F-8385A640F5D6}..net 4 Release|Win32.ActiveCfg = .net 4 Release|Any CPU
		{A6874784-2875-4F40-9E8F-8385A640F5D6}..net 4 Release|Win32.Build.0 = .net 4 Release|Any CPU
		{A6874784-2875-4F40-9E8F-8385A640F5D6}..net 4 Release|x64.ActiveCfg = .net 4 Release|Any CPU
		{A6874784-2875-4F40-9E8F-8385A640F5D6}..net 4 Release|x64.Build.0 = .net 4 Release|Any CPU
		{A6874784-2875-4F40-9E8F-8385A640F5D6}.Debug|Any CPU.ActiveCfg = Debug|Any CPU
		{A6874784-2875-4F40-9E8F-8385A640F5D6}.Debug|Any CPU.Build.0 = Debug|Any CPU
		{A6874784-2875-4F40-9E8F-8385A640F5D6}.Debug|Mixed Platforms.ActiveCfg = Debug|Any CPU
		{A6874784-2875-4F40-9E8F-8385A640F5D6}.Debug|Mixed Platforms.Build.0 = Debug|Any CPU
		{A6874784-2875-4F40-9E8F-8385A640F5D6}.Debug|Win32.ActiveCfg = Debug|Any CPU
		{A6874784-2875-4F40-9E8F-8385A640F5D6}.Debug|Win32.Build.0 = Debug|Any CPU
		{A6874784-2875-4F40-9E8F-8385A640F5D6}.Debug|x64.ActiveCfg = Debug|Any CPU
		{A6874784-2875-4F40-9E8F-8385A640F5D6}.Debug|x64.Build.0 = Debug|Any CPU
		{A6874784-2875-4F40-9E8F-8385A640F5D6}.Release|Any CPU.ActiveCfg = Release|Any CPU
		{A6874784-2875-4F40-9E8F-8385A640F5D6}.Release|Any CPU.Build.0 = Release|Any CPU
		{A6874784-2875-4F40-9E8F-8385A640F5D6}.Release|Mixed Platforms.ActiveCfg = Release|Any CPU
		{A6874784-2875-4F40-9E8F-8385A640F5D6}.Release|Mixed Platforms.Build.0 = Release|Any CPU
		{A6874784-2875-4F40-9E8F-8385A640F5D6}.Release|Win32.ActiveCfg = Release|Any CPU
		{A6874784-2875-4F40-9E8F-8385A640F5D6}.Release|Win32.Build.0 = Release|Any CPU
		{A6874784-2875-4F40-9E8F-8385A640F5D6}.Release|x64.ActiveCfg = Release|Any CPU
		{A6874784-2875-4F40-9E8F-8385A640F5D6}.Release|x64.Build.0 = Release|Any CPU
		{0E7413FF-EB9E-4714-ACF2-BE3A6A7B2FFD}..net 2 Release|Any CPU.ActiveCfg = Release|Any CPU
		{0E7413FF-EB9E-4714-ACF2-BE3A6A7B2FFD}..net 2 Release|Any CPU.Build.0 = Release|Any CPU
		{0E7413FF-EB9E-4714-ACF2-BE3A6A7B2FFD}..net 2 Release|Mixed Platforms.ActiveCfg = Release|Any CPU
		{0E7413FF-EB9E-4714-ACF2-BE3A6A7B2FFD}..net 2 Release|Mixed Platforms.Build.0 = Release|Any CPU
		{0E7413FF-EB9E-4714-ACF2-BE3A6A7B2FFD}..net 2 Release|Win32.ActiveCfg = Release|Any CPU
		{0E7413FF-EB9E-4714-ACF2-BE3A6A7B2FFD}..net 2 Release|Win32.Build.0 = Release|Any CPU
		{0E7413FF-EB9E-4714-ACF2-BE3A6A7B2FFD}..net 2 Release|x64.ActiveCfg = Release|Any CPU
		{0E7413FF-EB9E-4714-ACF2-BE3A6A7B2FFD}..net 2 Release|x64.Build.0 = Release|Any CPU
		{0E7413FF-EB9E-4714-ACF2-BE3A6A7B2FFD}..net 4 Release|Any CPU.ActiveCfg = Release|Any CPU
		{0E7413FF-EB9E-4714-ACF2-BE3A6A7B2FFD}..net 4 Release|Any CPU.Build.0 = Release|Any CPU
		{0E7413FF-EB9E-4714-ACF2-BE3A6A7B2FFD}..net 4 Release|Mixed Platforms.ActiveCfg = Release|Any CPU
		{0E7413FF-EB9E-4714-ACF2-BE3A6A7B2FFD}..net 4 Release|Mixed Platforms.Build.0 = Release|Any CPU
		{0E7413FF-EB9E-4714-ACF2-BE3A6A7B2FFD}..net 4 Release|Win32.ActiveCfg = Release|Any CPU
		{0E7413FF-EB9E-4714-ACF2-BE3A6A7B2FFD}..net 4 Release|Win32.Build.0 = Release|Any CPU
		{0E7413FF-EB9E-4714-ACF2-BE3A6A7B2FFD}..net 4 Release|x64.ActiveCfg = Release|Any CPU
		{0E7413FF-EB9E-4714-ACF2-BE3A6A7B2FFD}..net 4 Release|x64.Build.0 = Release|Any CPU
		{0E7413FF-EB9E-4714-ACF2-BE3A6A7B2FFD}.Debug|Any CPU.ActiveCfg = Debug|Any CPU
		{0E7413FF-EB9E-4714-ACF2-BE3A6A7B2FFD}.Debug|Any CPU.Build.0 = Debug|Any CPU
		{0E7413FF-EB9E-4714-ACF2-BE3A6A7B2FFD}.Debug|Mixed Platforms.ActiveCfg = Debug|Any CPU
		{0E7413FF-EB9E-4714-ACF2-BE3A6A7B2FFD}.Debug|Mixed Platforms.Build.0 = Debug|Any CPU
		{0E7413FF-EB9E-4714-ACF2-BE3A6A7B2FFD}.Debug|Win32.ActiveCfg = Debug|Any CPU
		{0E7413FF-EB9E-4714-ACF2-BE3A6A7B2FFD}.Debug|Win32.Build.0 = Debug|Any CPU
		{0E7413FF-EB9E-4714-ACF2-BE3A6A7B2FFD}.Debug|x64.ActiveCfg = Debug|Any CPU
		{0E7413FF-EB9E-4714-ACF2-BE3A6A7B2FFD}.Debug|x64.Build.0 = Debug|Any CPU
		{0E7413FF-EB9E-4714-ACF2-BE3A6A7B2FFD}.Release|Any CPU.ActiveCfg = Release|Any CPU
		{0E7413FF-EB9E-4714-ACF2-BE3A6A7B2FFD}.Release|Any CPU.Build.0 = Release|Any CPU
		{0E7413FF-EB9E-4714-ACF2-BE3A6A7B2FFD}.Release|Mixed Platforms.ActiveCfg = Release|Any CPU
		{0E7413FF-EB9E-4714-ACF2-BE3A6A7B2FFD}.Release|Mixed Platforms.Build.0 = Release|Any CPU
		{0E7413FF-EB9E-4714-ACF2-BE3A6A7B2FFD}.Release|Win32.ActiveCfg = Release|Any CPU
		{0E7413FF-EB9E-4714-ACF2-BE3A6A7B2FFD}.Release|Win32.Build.0 = Release|Any CPU
		{0E7413FF-EB9E-4714-ACF2-BE3A6A7B2FFD}.Release|x64.ActiveCfg = Release|Any CPU
		{0E7413FF-EB9E-4714-ACF2-BE3A6A7B2FFD}.Release|x64.Build.0 = Release|Any CPU
		{40EE2D8A-05C8-4C5A-B534-6F15E848A6EA}..net 2 Release|Any CPU.ActiveCfg = Release|Any CPU
		{40EE2D8A-05C8-4C5A-B534-6F15E848A6EA}..net 2 Release|Any CPU.Build.0 = Release|Any CPU
		{40EE2D8A-05C8-4C5A-B534-6F15E848A6EA}..net 2 Release|Mixed Platforms.ActiveCfg = Release|Any CPU
		{40EE2D8A-05C8-4C5A-B534-6F15E848A6EA}..net 2 Release|Mixed Platforms.Build.0 = Release|Any CPU
		{40EE2D8A-05C8-4C5A-B534-6F15E848A6EA}..net 2 Release|Win32.ActiveCfg = Release|Any CPU
		{40EE2D8A-05C8-4C5A-B534-6F15E848A6EA}..net 2 Release|Win32.Build.0 = Release|Any CPU
		{40EE2D8A-05C8-4C5A-B534-6F15E848A6EA}..net 2 Release|x64.ActiveCfg = Release|Any CPU
		{40EE2D8A-05C8-4C5A-B534-6F15E848A6EA}..net 2 Release|x64.Build.0 = Release|Any CPU
		{40EE2D8A-05C8-4C5A-B534-6F15E848A6EA}..net 4 Release|Any CPU.ActiveCfg = Release|Any CPU
		{40EE2D8A-05C8-4C5A-B534-6F15E848A6EA}..net 4 Release|Any CPU.Build.0 = Release|Any CPU
		{40EE2D8A-05C8-4C5A-B534-6F15E848A6EA}..net 4 Release|Mixed Platforms.ActiveCfg = Release|Any CPU
		{40EE2D8A-05C8-4C5A-B534-6F15E848A6EA}..net 4 Release|Mixed Platforms.Build.0 = Release|Any CPU
		{40EE2D8A-05C8-4C5A-B534-6F15E848A6EA}..net 4 Release|Win32.ActiveCfg = Release|Any CPU
		{40EE2D8A-05C8-4C5A-B534-6F15E848A6EA}..net 4 Release|Win32.Build.0 = Release|Any CPU
		{40EE2D8A-05C8-4C5A-B534-6F15E848A6EA}..net 4 Release|x64.ActiveCfg = Release|Any CPU
		{40EE2D8A-05C8-4C5A-B534-6F15E848A6EA}..net 4 Release|x64.Build.0 = Release|Any CPU
		{40EE2D8A-05C8-4C5A-B534-6F15E848A6EA}.Debug|Any CPU.ActiveCfg = Debug|Any CPU
		{40EE2D8A-05C8-4C5A-B534-6F15E848A6EA}.Debug|Any CPU.Build.0 = Debug|Any CPU
		{40EE2D8A-05C8-4C5A-B534-6F15E848A6EA}.Debug|Mixed Platforms.ActiveCfg = Debug|Any CPU
		{40EE2D8A-05C8-4C5A-B534-6F15E848A6EA}.Debug|Mixed Platforms.Build.0 = Debug|Any CPU
		{40EE2D8A-05C8-4C5A-B534-6F15E848A6EA}.Debug|Win32.ActiveCfg = Debug|Any CPU
		{40EE2D8A-05C8-4C5A-B534-6F15E848A6EA}.Debug|Win32.Build.0 = Debug|Any CPU
		{40EE2D8A-05C8-4C5A-B534-6F15E848A6EA}.Debug|x64.ActiveCfg = Debug|Any CPU
		{40EE2D8A-05C8-4C5A-B534-6F15E848A6EA}.Debug|x64.Build.0 = Debug|Any CPU
		{40EE2D8A-05C8-4C5A-B534-6F15E848A6EA}.Release|Any CPU.ActiveCfg = Release|Any CPU
		{40EE2D8A-05C8-4C5A-B534-6F15E848A6EA}.Release|Any CPU.Build.0 = Release|Any CPU
		{40EE2D8A-05C8-4C5A-B534-6F15E848A6EA}.Release|Mixed Platforms.ActiveCfg = Release|Any CPU
		{40EE2D8A-05C8-4C5A-B534-6F15E848A6EA}.Release|Mixed Platforms.Build.0 = Release|Any CPU
		{40EE2D8A-05C8-4C5A-B534-6F15E848A6EA}.Release|Win32.ActiveCfg = Release|Any CPU
		{40EE2D8A-05C8-4C5A-B534-6F15E848A6EA}.Release|Win32.Build.0 = Release|Any CPU
		{40EE2D8A-05C8-4C5A-B534-6F15E848A6EA}.Release|x64.ActiveCfg = Release|Any CPU
		{40EE2D8A-05C8-4C5A-B534-6F15E848A6EA}.Release|x64.Build.0 = Release|Any CPU
		{488D3A57-A859-4173-A5EE-F28E2AFAD548}..net 2 Release|Any CPU.ActiveCfg = Release|Any CPU
		{488D3A57-A859-4173-A5EE-F28E2AFAD548}..net 2 Release|Any CPU.Build.0 = Release|Any CPU
		{488D3A57-A859-4173-A5EE-F28E2AFAD548}..net 2 Release|Mixed Platforms.ActiveCfg = Release|Any CPU
		{488D3A57-A859-4173-A5EE-F28E2AFAD548}..net 2 Release|Mixed Platforms.Build.0 = Release|Any CPU
		{488D3A57-A859-4173-A5EE-F28E2AFAD548}..net 2 Release|Win32.ActiveCfg = Release|Any CPU
		{488D3A57-A859-4173-A5EE-F28E2AFAD548}..net 2 Release|Win32.Build.0 = Release|Any CPU
		{488D3A57-A859-4173-A5EE-F28E2AFAD548}..net 2 Release|x64.ActiveCfg = Release|x64
		{488D3A57-A859-4173-A5EE-F28E2AFAD548}..net 2 Release|x64.Build.0 = Release|x64
		{488D3A57-A859-4173-A5EE-F28E2AFAD548}..net 4 Release|Any CPU.ActiveCfg = Release|Any CPU
		{488D3A57-A859-4173-A5EE-F28E2AFAD548}..net 4 Release|Any CPU.Build.0 = Release|Any CPU
		{488D3A57-A859-4173-A5EE-F28E2AFAD548}..net 4 Release|Mixed Platforms.ActiveCfg = Release|Any CPU
		{488D3A57-A859-4173-A5EE-F28E2AFAD548}..net 4 Release|Mixed Platforms.Build.0 = Release|Any CPU
		{488D3A57-A859-4173-A5EE-F28E2AFAD548}..net 4 Release|Win32.ActiveCfg = Release|Any CPU
		{488D3A57-A859-4173-A5EE-F28E2AFAD548}..net 4 Release|Win32.Build.0 = Release|Any CPU
		{488D3A57-A859-4173-A5EE-F28E2AFAD548}..net 4 Release|x64.ActiveCfg = Release|x64
		{488D3A57-A859-4173-A5EE-F28E2AFAD548}..net 4 Release|x64.Build.0 = Release|x64
		{488D3A57-A859-4173-A5EE-F28E2AFAD548}.Debug|Any CPU.ActiveCfg = Debug|Any CPU
		{488D3A57-A859-4173-A5EE-F28E2AFAD548}.Debug|Any CPU.Build.0 = Debug|Any CPU
		{488D3A57-A859-4173-A5EE-F28E2AFAD548}.Debug|Mixed Platforms.ActiveCfg = Debug|Any CPU
		{488D3A57-A859-4173-A5EE-F28E2AFAD548}.Debug|Mixed Platforms.Build.0 = Debug|Any CPU
		{488D3A57-A859-4173-A5EE-F28E2AFAD548}.Debug|Win32.ActiveCfg = Debug|Any CPU
		{488D3A57-A859-4173-A5EE-F28E2AFAD548}.Debug|Win32.Build.0 = Debug|Any CPU
		{488D3A57-A859-4173-A5EE-F28E2AFAD548}.Debug|x64.ActiveCfg = Debug|x64
		{488D3A57-A859-4173-A5EE-F28E2AFAD548}.Debug|x64.Build.0 = Debug|x64
		{488D3A57-A859-4173-A5EE-F28E2AFAD548}.Release|Any CPU.ActiveCfg = Release|Any CPU
		{488D3A57-A859-4173-A5EE-F28E2AFAD548}.Release|Any CPU.Build.0 = Release|Any CPU
		{488D3A57-A859-4173-A5EE-F28E2AFAD548}.Release|Mixed Platforms.ActiveCfg = Release|Any CPU
		{488D3A57-A859-4173-A5EE-F28E2AFAD548}.Release|Mixed Platforms.Build.0 = Release|Any CPU
		{488D3A57-A859-4173-A5EE-F28E2AFAD548}.Release|Win32.ActiveCfg = Release|Any CPU
		{488D3A57-A859-4173-A5EE-F28E2AFAD548}.Release|Win32.Build.0 = Release|Any CPU
		{488D3A57-A859-4173-A5EE-F28E2AFAD548}.Release|x64.ActiveCfg = Release|x64
		{488D3A57-A859-4173-A5EE-F28E2AFAD548}.Release|x64.Build.0 = Release|x64
	EndGlobalSection
	GlobalSection(SolutionProperties) = preSolution
		HideSolutionNode = FALSE
	EndGlobalSection
	GlobalSection(NestedProjects) = preSolution
		{BE6C8B86-B305-4149-8AF4-55AF418BE6DE} = {FEC0190A-6AC9-48A0-9F71-F5A195E73955}
		{537BDB3D-6124-4E8B-B012-8355B976A83C} = {BE6C8B86-B305-4149-8AF4-55AF418BE6DE}
		{10FA8538-157A-4380-A4F6-8E2C3EE92CAE} = {537BDB3D-6124-4E8B-B012-8355B976A83C}
		{6BEED965-B9A0-4FFA-B96D-0F380A97331A} = {537BDB3D-6124-4E8B-B012-8355B976A83C}
		{C9F265B7-ECE3-4755-B0B1-79536575C2A9} = {537BDB3D-6124-4E8B-B012-8355B976A83C}
		{A6874784-2875-4F40-9E8F-8385A640F5D6} = {537BDB3D-6124-4E8B-B012-8355B976A83C}
		{0E7413FF-EB9E-4714-ACF2-BE3A6A7B2FFD} = {BE6C8B86-B305-4149-8AF4-55AF418BE6DE}
		{40EE2D8A-05C8-4C5A-B534-6F15E848A6EA} = {FEC0190A-6AC9-48A0-9F71-F5A195E73955}
		{488D3A57-A859-4173-A5EE-F28E2AFAD548} = {63339C2D-8C37-4675-9AA0-1FDD3C94569C}
	EndGlobalSection
EndGlobal
